{
  "nodes": {
    "bun2nix": {
      "inputs": {
        "flake-parts": "flake-parts_2",
        "import-tree": "import-tree_2",
        "nixpkgs": [
          "meridian",
          "nixpkgs"
        ],
        "systems": [
          "meridian",
          "systems"
        ],
        "treefmt-nix": "treefmt-nix"
      },
      "locked": {
        "lastModified": 1770895533,
        "narHash": "sha256-v3QaK9ugy9bN9RXDnjw0i2OifKmz2NnKM82agtqm/UY=",
        "owner": "nix-community",
        "repo": "bun2nix",
        "rev": "c843f477b15f51151f8c6bcc886954699440a6e1",
        "type": "github"
      },
      "original": {
        "owner": "nix-community",
        "ref": "2.0.8",
        "repo": "bun2nix",
        "type": "github"
      }
    },
    "claude-code": {
      "inputs": {
        "flake-utils": [
          "flake-utils"
        ],
        "nixpkgs": [
          "nixpkgs"
        ]
      },
      "locked": {
        "lastModified": 1783380155,
        "narHash": "sha256-SwUwKaLrZ+c5y4GoZHKBf1nUsDHVsIUtn2CFloZrV2A=",
        "owner": "sadjow",
        "repo": "claude-code-nix",
        "rev": "25d979d1a39d0acdbcb1b8d0b9d83ffdd10b5f43",
        "type": "github"
      },
      "original": {
        "owner": "sadjow",
        "repo": "claude-code-nix",
        "type": "github"
      }
    },
    "disko": {
      "inputs": {
        "nixpkgs": [
          "nixpkgs"
        ]
      },
      "locked": {
        "lastModified": 1781152676,
        "narHash": "sha256-RxWs5ND31KzTG7wvMM+PMfUjyNpmIEr999lqNARaM5o=",
        "owner": "nix-community",
        "repo": "disko",
        "rev": "ff8702b4de27f72b4c78573dfb89ec74e36abdf1",
        "type": "github"
      },
      "original": {
        "owner": "nix-community",
        "repo": "disko",
        "type": "github"
      }
    },
    "flake-compat": {
      "locked": {
        "lastModified": 1767039857,
        "narHash": "sha256-vNpUSpF5Nuw8xvDLj2KCwwksIbjua2LZCqhV1LNRDns=",
        "owner": "NixOS",
        "repo": "flake-compat",
        "rev": "5edf11c44bc78a0d334f6334cdaf7d60d732daab",
        "type": "github"
      },
      "original": {
        "owner": "NixOS",
        "repo": "flake-compat",
        "type": "github"
      }
    },
    "flake-parts": {
      "inputs": {
        "nixpkgs-lib": "nixpkgs-lib"
      },
      "locked": {
        "lastModified": 1782949081,
        "narHash": "sha256-vp6Y/Grm98ESt6ceOkWiHWyZRDV3J1RID4w+6NWK9yA=",
        "owner": "hercules-ci",
        "repo": "flake-parts",
        "rev": "17c9d6cdfc60c64f4ee8d306f9bc0b4ccb51481e",
        "type": "github"
      },
      "original": {
        "owner": "hercules-ci",
        "repo": "flake-parts",
        "type": "github"
      }
    },
    "flake-parts_2": {
      "inputs": {
        "nixpkgs-lib": "nixpkgs-lib_2"
      },
      "locked": {
        "lastModified": 1769996383,
        "narHash": "sha256-AnYjnFWgS49RlqX7LrC4uA+sCCDBj0Ry/WOJ5XWAsa0=",
        "owner": "hercules-ci",
        "repo": "flake-parts",
        "rev": "57928607ea566b5db3ad13af0e57e921e6b12381",
        "type": "github"
      },
      "original": {
        "owner": "hercules-ci",
        "repo": "flake-parts",
        "type": "github"
      }
    },
    "flake-utils": {
      "inputs": {
        "systems": "systems"
      },
      "locked": {
        "lastModified": 1731533236,
        "narHash": "sha256-l0KFg5HjrsfsO/JpG+r7fRrqm12kzFHyUHqHCVpMMbI=",
        "owner": "numtide",
        "repo": "flake-utils",
        "rev": "11707dc2f618dd54ca8739b309ec4fc024de578b",
        "type": "github"
      },
      "original": {
        "owner": "numtide",
        "repo": "flake-utils",
        "type": "github"
      }
    },
    "home-manager": {
      "inputs": {
        "nixpkgs": [
          "nixpkgs"
        ]
      },
      "locked": {
        "lastModified": 1783221248,
        "narHash": "sha256-ESQnuNHEDChsB4IxoLRhscVahqkDWkTb+qdIz8euYt4=",
        "owner": "nix-community",
        "repo": "home-manager",
        "rev": "af2beae5f0fae0a4310cc0e6aef2572f56090353",
        "type": "github"
      },
      "original": {
        "owner": "nix-community",
        "ref": "release-26.05",
        "repo": "home-manager",
        "type": "github"
      }
    },
    "import-tree": {
      "locked": {
        "lastModified": 1778781969,
        "narHash": "sha256-Jjuz5CmSkur8KvLDoGa+vylEp+RkQtv4mt/qcMznpH0=",
        "owner": "vic",
        "repo": "import-tree",
        "rev": "d321337efd0f23a9eb14a42adb7b2c29313ab274",
        "type": "github"
      },
      "original": {
        "owner": "vic",
        "repo": "import-tree",
        "type": "github"
      }
    },
    "import-tree_2": {
      "locked": {
        "lastModified": 1763762820,
        "narHash": "sha256-ZvYKbFib3AEwiNMLsejb/CWs/OL/srFQ8AogkebEPF0=",
        "owner": "vic",
        "repo": "import-tree",
        "rev": "3c23749d8013ec6daa1d7255057590e9ca726646",
        "type": "github"
      },
      "original": {
        "owner": "vic",
        "repo": "import-tree",
        "type": "github"
      }
    },
    "meridian": {
      "inputs": {
        "bun2nix": "bun2nix",
        "nixpkgs": [
          "nixpkgs"
        ],
        "systems": "systems_2"
      },
      "locked": {
        "lastModified": 1782945698,
        "narHash": "sha256-YF/0VthFxBY/HlTLaK5KYq9xxvzs4upqIJi/qmWYlow=",
        "owner": "rynfar",
        "repo": "meridian",
        "rev": "d72b8c38f02177a4bfb694767c9d6b447c736e9a",
        "type": "github"
      },
      "original": {
        "owner": "rynfar",
        "repo": "meridian",
        "type": "github"
      }
    },
    "mnw": {
      "locked": {
        "lastModified": 1780772958,
        "narHash": "sha256-VKKe8r4pwCGWZ3Yr9CPN129R4S3CKLSrlYqdYz3vKpM=",
        "owner": "Gerg-L",
        "repo": "mnw",
        "rev": "0871dbf63a53610c95db04439ed8ea4d6ec9c160",
        "type": "github"
      },
      "original": {
        "owner": "Gerg-L",
        "repo": "mnw",
        "type": "github"
      }
    },
    "niri": {
      "inputs": {
        "niri-stable": "niri-stable",
        "niri-unstable": "niri-unstable",
        "nixpkgs": "nixpkgs",
        "nixpkgs-stable": [
          "nixpkgs"
        ],
        "xwayland-satellite-stable": "xwayland-satellite-stable",
        "xwayland-satellite-unstable": "xwayland-satellite-unstable"
      },
      "locked": {
        "lastModified": 1783267733,
        "narHash": "sha256-DTvaM+0vanneOcKg3NKXV7ilf0ShY4BOBz/nde5GHos=",
        "owner": "sodiboo",
        "repo": "niri-flake",
        "rev": "74053f79cad0f6c3a4a0be6b7928795d2e6a9f4b",
        "type": "github"
      },
      "original": {
        "owner": "sodiboo",
        "repo": "niri-flake",
        "type": "github"
      }
    },
    "niri-float-sticky": {
      "inputs": {
        "flake-utils": [
          "flake-utils"
        ],
        "nixpkgs": [
          "nixpkgs"
        ]
      },
      "locked": {
        "lastModified": 1778574608,
        "narHash": "sha256-786xACvNk6ZE6l40gQ7wRsgqGp64Z4MseMX7gzMMNtg=",
        "owner": "probeldev",
        "repo": "niri-float-sticky",
        "rev": "b4805593eda05fc61e4cb88cfced9dd39913216e",
        "type": "github"
      },
      "original": {
        "owner": "probeldev",
        "repo": "niri-float-sticky",
        "type": "github"
      }
    },
    "niri-stable": {
      "flake": false,
      "locked": {
        "lastModified": 1756556321,
        "narHash": "sha256-RLD89dfjN0RVO86C/Mot0T7aduCygPGaYbog566F0Qo=",
        "owner": "YaLTeR",
        "repo": "niri",
        "rev": "01be0e65f4eb91a9cd624ac0b76aaeab765c7294",
        "type": "github"
      },
      "original": {
        "owner": "YaLTeR",
        "ref": "v25.08",
        "repo": "niri",
        "type": "github"
      }
    },
    "niri-unstable": {
      "flake": false,
      "locked": {
        "lastModified": 1783248941,
        "narHash": "sha256-citgYJbvR1iUKXpiWlFq3NO+fw6hXGL3Qk1ampU7lhA=",
        "owner": "YaLTeR",
        "repo": "niri",
        "rev": "a30ca7983b2f1fc3ddeb209b3fe18fa78e0dbd25",
        "type": "github"
      },
      "original": {
        "owner": "YaLTeR",
        "repo": "niri",
        "type": "github"
      }
    },
    "nix-firefox-addons": {
      "inputs": {
        "flake-utils": [
          "flake-utils"
        ],
        "nixpkgs": [
          "nixpkgs"
        ]
      },
      "locked": {
        "lastModified": 1783406030,
        "narHash": "sha256-tkRYgsz1nr/XB/JbC15u/1Mhl+4ZifHqPmg2jU++JUw=",
        "owner": "osipog",
        "repo": "nix-firefox-addons",
        "rev": "f3cd474e7155e43bcdb72f2fb6d89c95b2dd940a",
        "type": "github"
      },
      "original": {
        "owner": "osipog",
        "repo": "nix-firefox-addons",
        "type": "github"
      }
    },
    "nixpkgs": {
      "locked": {
        "lastModified": 1783224372,
        "narHash": "sha256-8i/87eeoqiGE4yOTjwSA3Eh/ziJRQEmd/unYU+K27sk=",
        "owner": "NixOS",
        "repo": "nixpkgs",
        "rev": "d407951447dcd00442e97087bf374aad70c04cea",
        "type": "github"
      },
      "original": {
        "owner": "NixOS",
        "ref": "nixos-unstable",
        "repo": "nixpkgs",
        "type": "github"
      }
    },
    "nixpkgs-go21": {
      "locked": {
        "lastModified": 1725980463,
        "narHash": "sha256-3ruEhwpLlccjwYTvLCyFAtPndcRxAs3XazL2lhOXucI=",
        "owner": "NixOS",
        "repo": "nixpkgs",
        "rev": "5ed627539ac84809c78b2dd6d26a5cebeb5ae269",
        "type": "github"
      },
      "original": {
        "owner": "NixOS",
        "repo": "nixpkgs",
        "rev": "5ed627539ac84809c78b2dd6d26a5cebeb5ae269",
        "type": "github"
      }
    },
    "nixpkgs-jetbrains": {
      "locked": {
        "lastModified": 1777268161,
        "narHash": "sha256-bxrdOn8SCOv8tN4JbTF/TXq7kjo9ag4M+C8yzzIRYbE=",
        "owner": "NixOS",
        "repo": "nixpkgs",
        "rev": "1c3fe55ad329cbcb28471bb30f05c9827f724c76",
        "type": "github"
      },
      "original": {
        "owner": "NixOS",
        "repo": "nixpkgs",
        "rev": "1c3fe55ad329cbcb28471bb30f05c9827f724c76",
        "type": "github"
      }
    },
    "nixpkgs-lib": {
      "locked": {
        "lastModified": 1782614948,
        "narHash": "sha256-ePjCwr1sNm9NYUqywL7QfK3JnlS015msC+eBu2zKlp8=",
        "owner": "nix-community",
        "repo": "nixpkgs.lib",
        "rev": "db3f255737b94216eb71cce308e2912cf6bc2d7c",
        "type": "github"
      },
      "original": {
        "owner": "nix-community",
        "repo": "nixpkgs.lib",
        "type": "github"
      }
    },
    "nixpkgs-lib_2": {
      "locked": {
        "lastModified": 1769909678,
        "narHash": "sha256-cBEymOf4/o3FD5AZnzC3J9hLbiZ+QDT/KDuyHXVJOpM=",
        "owner": "nix-community",
        "repo": "nixpkgs.lib",
        "rev": "72716169fe93074c333e8d0173151350670b824c",
        "type": "github"
      },
      "original": {
        "owner": "nix-community",
        "repo": "nixpkgs.lib",
        "type": "github"
      }
    },
    "nixpkgs-protobuf23": {
      "locked": {
        "lastModified": 1744868846,
        "narHash": "sha256-5RJTdUHDmj12Qsv7XOhuospjAjATNiTMElplWnJE9Hs=",
        "owner": "NixOS",
        "repo": "nixpkgs",
        "rev": "ebe4301cbd8f81c4f8d3244b3632338bbeb6d49c",
        "type": "github"
      },
      "original": {
        "owner": "NixOS",
        "repo": "nixpkgs",
        "rev": "ebe4301cbd8f81c4f8d3244b3632338bbeb6d49c",
        "type": "github"
      }
    },
    "nixpkgs-protoc-gen-go-grpc1_3_0": {
      "locked": {
        "lastModified": 1733229606,
        "narHash": "sha256-FLYY5M0rpa5C2QAE3CKLYAM6TwbKicdRK6qNrSHlNrE=",
        "owner": "NixOS",
        "repo": "nixpkgs",
        "rev": "566e53c2ad750c84f6d31f9ccb9d00f823165550",
        "type": "github"
      },
      "original": {
        "owner": "NixOS",
        "repo": "nixpkgs",
        "rev": "566e53c2ad750c84f6d31f9ccb9d00f823165550",
        "type": "github"
      }
    },
    "nixpkgs-protoc-gen-go1_36_1": {
      "locked": {
        "lastModified": 1736010017,
        "narHash": "sha256-pMttboU4LraZezi3tc7NiHODd4eKziFRb2a4s4WO8Ms=",
        "owner": "NixOS",
        "repo": "nixpkgs",
        "rev": "a1945f760a8fe019a4d753808de424dcd4e5b3cf",
        "type": "github"
      },
      "original": {
        "owner": "NixOS",
        "repo": "nixpkgs",
        "rev": "a1945f760a8fe019a4d753808de424dcd4e5b3cf",
        "type": "github"
      }
    },
    "nixpkgs-unstable": {
      "locked": {
        "lastModified": 1783224372,
        "narHash": "sha256-8i/87eeoqiGE4yOTjwSA3Eh/ziJRQEmd/unYU+K27sk=",
        "owner": "NixOS",
        "repo": "nixpkgs",
        "rev": "d407951447dcd00442e97087bf374aad70c04cea",
        "type": "github"
      },
      "original": {
        "owner": "NixOS",
        "ref": "nixos-unstable",
        "repo": "nixpkgs",
        "type": "github"
      }
    },
    "nixpkgs_2": {
      "locked": {
        "lastModified": 1783148766,
        "narHash": "sha256-uslt2pqShTIXDdAHRHv2QkYLsVdY8Oqwz0EA48/RSM8=",
        "owner": "NixOS",
        "repo": "nixpkgs",
        "rev": "a50de1b7d8a586adc18d2395c19de7d6058e6030",
        "type": "github"
      },
      "original": {
        "owner": "NixOS",
        "ref": "nixos-26.05",
        "repo": "nixpkgs",
        "type": "github"
      }
    },
    "nixpkgs_3": {
      "locked": {
        "lastModified": 1782959384,
        "narHash": "sha256-l57y2CK9dTSChgb6Edg7kkXu5DA4rucVbNFoQHUBjmw=",
        "rev": "65179426c83bb3f6bc14898b42ea1c6f01d374b0",
        "type": "tarball",
        "url": "https://releases.nixos.org/nixos/unstable/nixos-26.11pre1026231.65179426c83b/nixexprs.tar.xz"
      },
      "original": {
        "type": "tarball",
        "url": "https://channels.nixos.org/nixos-unstable/nixexprs.tar.xz"
      }
    },
    "nixpkgs_4": {
      "locked": {
        "lastModified": 1783148766,
        "narHash": "sha256-H9+N+GFtsbVC8ZniHliChM7ndizxtqVZs6bnGOLM3WQ=",
        "rev": "a50de1b7d8a586adc18d2395c19de7d6058e6030",
        "type": "tarball",
        "url": "https://releases.nixos.org/nixos/26.05/nixos-26.05.4193.a50de1b7d8a5/nixexprs.tar.xz?lastModified=1783148766&rev=a50de1b7d8a586adc18d2395c19de7d6058e6030"
      },
      "original": {
        "type": "tarball",
        "url": "https://channels.nixos.org/nixos-26.05/nixexprs.tar.xz"
      }
    },
    "noctalia": {
      "inputs": {
        "nixpkgs": "nixpkgs_3"
      },
      "locked": {
        "lastModified": 1783398147,
        "narHash": "sha256-D4Rug29rQuvFey2BHuOb/haBfLd/8i7CrmmavbytARE=",
        "owner": "noctalia-dev",
        "repo": "noctalia-shell",
        "rev": "831c513f1ea0396ed4671b8d4704c0ed6bab83f4",
        "type": "github"
      },
      "original": {
        "owner": "noctalia-dev",
        "repo": "noctalia-shell",
        "type": "github"
      }
    },
    "nvf": {
      "inputs": {
        "flake-compat": [
          "flake-compat"
        ],
        "mnw": "mnw",
        "nixpkgs": "nixpkgs_4"
      },
      "locked": {
        "lastModified": 1783282377,
        "narHash": "sha256-kw1sJ6WONc6lin/L81sB90fEtR9kxj/HN6RO++92vSI=",
        "owner": "notashelf",
        "repo": "nvf",
        "rev": "5bd50f1b71686715737537fd363281b0b0123085",
        "type": "github"
      },
      "original": {
        "owner": "notashelf",
        "repo": "nvf",
        "type": "github"
      }
    },
    "obsidian-plugins": {
      "inputs": {
        "nixpkgs": [
          "nixpkgs"
        ]
      },
      "locked": {
        "lastModified": 1770753851,
        "narHash": "sha256-0FtmTKNKa8imXQYLJi+uKf0zOS5WmsIhTVW00+zKx1w=",
        "owner": "cjavad",
        "repo": "nixpille-obsidian-community-plugins",
        "rev": "e98d37b2404143e876b6f795448d744df27b1dfc",
        "type": "github"
      },
      "original": {
        "owner": "cjavad",
        "repo": "nixpille-obsidian-community-plugins",
        "type": "github"
      }
    },
    "root": {
      "inputs": {
        "claude-code": "claude-code",
        "disko": "disko",
        "flake-compat": "flake-compat",
        "flake-parts": "flake-parts",
        "flake-utils": "flake-utils",
        "home-manager": "home-manager",
        "import-tree": "import-tree",
        "meridian": "meridian",
        "niri": "niri",
        "niri-float-sticky": "niri-float-sticky",
        "nix-firefox-addons": "nix-firefox-addons",
        "nixpkgs": "nixpkgs_2",
        "nixpkgs-go21": "nixpkgs-go21",
        "nixpkgs-jetbrains": "nixpkgs-jetbrains",
        "nixpkgs-protobuf23": "nixpkgs-protobuf23",
        "nixpkgs-protoc-gen-go-grpc1_3_0": "nixpkgs-protoc-gen-go-grpc1_3_0",
        "nixpkgs-protoc-gen-go1_36_1": "nixpkgs-protoc-gen-go1_36_1",
        "nixpkgs-unstable": "nixpkgs-unstable",
        "noctalia": "noctalia",
        "nvf": "nvf",
        "obsidian-plugins": "obsidian-plugins",
        "sops-nix": "sops-nix",
        "zen-browser": "zen-browser"
      }
    },
    "sops-nix": {
      "inputs": {
        "nixpkgs": [
          "nixpkgs"
        ]
      },
      "locked": {
        "lastModified": 1783174389,
        "narHash": "sha256-aCWC8ngycU7OdJrU2+Je3qf+1a2ykuBvpPhZT/9tXMc=",
        "owner": "Mic92",
        "repo": "sops-nix",
        "rev": "f1406619a3884cd5c47992a70b8b35c9c0fcb4c9",
        "type": "github"
      },
      "original": {
        "owner": "Mic92",
        "repo": "sops-nix",
        "type": "github"
      }
    },
    "systems": {
      "locked": {
        "lastModified": 1681028828,
        "narHash": "sha256-Vy1rq5AaRuLzOxct8nz4T6wlgyUR7zLU309k9mBC768=",
        "owner": "nix-systems",
        "repo": "default",
        "rev": "da67096a3b9bf56a91d16901293e51ba5b49a27e",
        "type": "github"
      },
      "original": {
        "owner": "nix-systems",
        "repo": "default",
        "type": "github"
      }
    },
    "systems_2": {
      "locked": {
        "lastModified": 1681028828,
        "narHash": "sha256-Vy1rq5AaRuLzOxct8nz4T6wlgyUR7zLU309k9mBC768=",
        "owner": "nix-systems",
        "repo": "default",
        "rev": "da67096a3b9bf56a91d16901293e51ba5b49a27e",
        "type": "github"
      },
      "original": {
        "owner": "nix-systems",
        "repo": "default",
        "type": "github"
      }
    },
    "treefmt-nix": {
      "inputs": {
        "nixpkgs": [
          "meridian",
          "bun2nix",
          "nixpkgs"
        ]
      },
      "locked": {
        "lastModified": 1770228511,
        "narHash": "sha256-wQ6NJSuFqAEmIg2VMnLdCnUc0b7vslUohqqGGD+Fyxk=",
        "owner": "numtide",
        "repo": "treefmt-nix",
        "rev": "337a4fe074be1042a35086f15481d763b8ddc0e7",
        "type": "github"
      },
      "original": {
        "owner": "numtide",
        "repo": "treefmt-nix",
        "type": "github"
      }
    },
    "xwayland-satellite-stable": {
      "flake": false,
      "locked": {
        "lastModified": 1755491097,
        "narHash": "sha256-m+9tUfsmBeF2Gn4HWa6vSITZ4Gz1eA1F5Kh62B0N4oE=",
        "owner": "Supreeeme",
        "repo": "xwayland-satellite",
        "rev": "388d291e82ffbc73be18169d39470f340707edaa",
        "type": "github"
      },
      "original": {
        "owner": "Supreeeme",
        "ref": "v0.7",
        "repo": "xwayland-satellite",
        "type": "github"
      }
    },
    "xwayland-satellite-unstable": {
      "flake": false,
      "locked": {
        "lastModified": 1781226823,
        "narHash": "sha256-28696iIw8uE0ZUyFTtzhEM8xMh85clCYypMxkvUi+sc=",
        "owner": "Supreeeme",
        "repo": "xwayland-satellite",
        "rev": "8575d0ef55d70f9b4c46b6bffb3accf912217e1e",
        "type": "github"
      },
      "original": {
        "owner": "Supreeeme",
        "repo": "xwayland-satellite",
        "type": "github"
      }
    },
    "zen-browser": {
      "inputs": {
        "home-manager": [
          "home-manager"
        ],
        "nixpkgs": [
          "nixpkgs"
        ]
      },
      "locked": {
        "lastModified": 1783371882,
        "narHash": "sha256-Z0ESbxSeHR5p3CD1LLVKttX2vaPPnjNfZbqCJlQgcF8=",
        "owner": "0xc000022070",
        "repo": "zen-browser-flake",
        "rev": "9357f05e60643b057038ff3f89c87d4a1d08cae1",
        "type": "github"
      },
      "original": {
        "owner": "0xc000022070",
        "repo": "zen-browser-flake",
        "type": "github"
      }
    }
  },
  "root": "root",
  "version": 7
}
